
Microsoft Visual Studio Solution File, Format Version 12.00
Project("{FAE04EC0-301F-11D3-BF4B-00C04F79EFBC}") = "Logger", "Logger.csproj", "{F952DA8D-CFAF-4641-AE64-74CD1A0A22D8}"
EndProject
Global
	GlobalSection(SolutionConfigurationPlatforms) = preSolution
		Debug|Any CPU = Debug|Any CPU
		Release|Any CPU = Release|Any CPU
	EndGlobalSection
	GlobalSection(ProjectConfigurationPlatforms) = postSolution
		{F952DA8D-CFAF-4641-AE64-74CD1A0A22D8}.Debug|Any CPU.ActiveCfg = Debug|Any CPU
		{F952DA8D-CFAF-4641-AE64-74CD1A0A22D8}.Debug|Any CPU.Build.0 = Debug|Any CPU
		{F952DA8D-CFAF-4641-AE64-74CD1A0A22D8}.Release|Any CPU.ActiveCfg = Release|Any CPU
		{F952DA8D-CFAF-4641-AE64-74CD1A0A22D8}.Release|Any CPU.Build.0 = Release|Any CPU
	EndGlobalSection
EndGlobal
